// !$*UTF8*$!
{
	archiveVersion = 1;
	classes = {
	};
	objectVersion = 50;
	objects = {

/* Begin PBXBuildFile section */
		77A57CD469D2FBFBC09AF6A0 /* Pods_Arrow_Example.framework in Frameworks */ = {isa = PBXBuildFile; fileRef = 5D4B316A7616C5A0D1FF3F23 /* Pods_Arrow_Example.framework */; };
		C469575E21669F6400F40A2F /* UIView+Utils.swift in Sources */ = {isa = PBXBuildFile; fileRef = C469575D21669F6400F40A2F /* UIView+Utils.swift */; };
		C4CAF6E1215EAF2500B71FA0 /* AppDelegate.swift in Sources */ = {isa = PBXBuildFile; fileRef = C4CAF6E0215EAF2500B71FA0 /* AppDelegate.swift */; };
		C4CAF6E3215EAF2500B71FA0 /* ViewController.swift in Sources */ = {isa = PBXBuildFile; fileRef = C4CAF6E2215EAF2500B71FA0 /* ViewController.swift */; };
		C4CAF6E6215EAF2500B71FA0 /* Main.storyboard in Resources */ = {isa = PBXBuildFile; fileRef = C4CAF6E4215EAF2500B71FA0 /* Main.storyboard */; };
		C4CAF6E8215EAF2800B71FA0 /* Assets.xcassets in Resources */ = {isa = PBXBuildFile; fileRef = C4CAF6E7215EAF2800B71FA0 /* Assets.xcassets */; };
		C4CAF6EB215EAF2800B71FA0 /* LaunchScreen.storyboard in Resources */ = {isa = PBXBuildFile; fileRef = C4CAF6E9215EAF2800B71FA0 /* LaunchScreen.storyboard */; };
/* End PBXBuildFile section */

/* Begin PBXFileReference section */
		5D4B316A7616C5A0D1FF3F23 /* Pods_Arrow_Example.framework */ = {isa = PBXFileReference; explicitFileType = wrapper.framework; includeInIndex = 0; path = Pods_Arrow_Example.framework; sourceTree = BUILT_PRODUCTS_DIR; };
		6DC5F1971A45A5AA4BF29822 /* Pods-Arrow_Example.release.xcconfig */ = {isa = PBXFileReference; includeInIndex = 1; lastKnownFileType = text.xcconfig; name = "Pods-Arrow_Example.release.xcconfig"; path = "Pods/Target Support Files/Pods-Arrow_Example/Pods-Arrow_Example.release.xcconfig"; sourceTree = "<group>"; };
		8DE5D5393F43F0D931F0416D /* Pods-Arrow_Example.debug.xcconfig */ = {isa = PBXFileReference; includeInIndex = 1; lastKnownFileType = text.xcconfig; name = "Pods-Arrow_Example.debug.xcconfig"; path = "Pods/Target Support Files/Pods-Arrow_Example/Pods-Arrow_Example.debug.xcconfig"; sourceTree = "<group>"; };
		C469575D21669F6400F40A2F /* UIView+Utils.swift */ = {isa = PBXFileReference; lastKnownFileType = sourcecode.swift; path = "UIView+Utils.swift"; sourceTree = "<group>"; };
		C4CAF6DD215EAF2500B71FA0 /* Arrow_Example.app */ = {isa = PBXFileReference; explicitFileType = wrapper.application; includeInIndex = 0; path = Arrow_Example.app; sourceTree = BUILT_PRODUCTS_DIR; };
		C4CAF6E0215EAF2500B71FA0 /* AppDelegate.swift */ = {isa = PBXFileReference; lastKnownFileType = sourcecode.swift; path = AppDelegate.swift; sourceTree = "<group>"; };
		C4CAF6E2215EAF2500B71FA0 /* ViewController.swift */ = {isa = PBXFileReference; lastKnownFileType = sourcecode.swift; path = ViewController.swift; sourceTree = "<group>"; };
		C4CAF6E5215EAF2500B71FA0 /* Base */ = {isa = PBXFileReference; lastKnownFileType = file.storyboard; name = Base; path = Base.lproj/Main.storyboard; sourceTree = "<group>"; };
		C4CAF6E7215EAF2800B71FA0 /* Assets.xcassets */ = {isa = PBXFileReference; lastKnownFileType = folder.assetcatalog; path = Assets.xcassets; sourceTree = "<group>"; };
		C4CAF6EA215EAF2800B71FA0 /* Base */ = {isa = PBXFileReference; lastKnownFileType = file.storyboard; name = Base; path = Base.lproj/LaunchScreen.storyboard; sourceTree = "<group>"; };
		C4CAF6EC215EAF2800B71FA0 /* Info.plist */ = {isa = PBXFileReference; lastKnownFileType = text.plist.xml; path = Info.plist; sourceTree = "<group>"; };
/* End PBXFileReference section */

/* Begin PBXFrameworksBuildPhase section */
		C4CAF6DA215EAF2500B71FA0 /* Frameworks */ = {
			isa = PBXFrameworksBuildPhase;
			buildActionMask = 2147483647;
			files = (
				77A57CD469D2FBFBC09AF6A0 /* Pods_Arrow_Example.framework in Frameworks */,
			);
			runOnlyForDeploymentPostprocessing = 0;
		};
/* End PBXFrameworksBuildPhase section */

/* Begin PBXGroup section */
		3D331CAA078F0CFD825FD955 /* Frameworks */ = {
			isa = PBXGroup;
			children = (
				5D4B316A7616C5A0D1FF3F23 /* Pods_Arrow_Example.framework */,
			);
			name = Frameworks;
			sourceTree = "<group>";
		};
		C469575C21669F5300F40A2F /* Extension */ = {
			isa = PBXGroup;
			children = (
				C469575D21669F6400F40A2F /* UIView+Utils.swift */,
			);
			path = Extension;
			sourceTree = "<group>";
		};
		C4CAF6D4215EAF2500B71FA0 = {
			isa = PBXGroup;
			children = (
				C4CAF6DF215EAF2500B71FA0 /* Arrow_Example */,
				C4CAF6DE215EAF2500B71FA0 /* Products */,
				DE03AF0A1259020F92BCBEB7 /* Pods */,
				3D331CAA078F0CFD825FD955 /* Frameworks */,
			);
			sourceTree = "<group>";
		};
		C4CAF6DE215EAF2500B71FA0 /* Products */ = {
			isa = PBXGroup;
			children = (
				C4CAF6DD215EAF2500B71FA0 /* Arrow_Example.app */,
			);
			name = Products;
			sourceTree = "<group>";
		};
		C4CAF6DF215EAF2500B71FA0 /* Arrow_Example */ = {
			isa = PBXGroup;
			children = (
				C469575C21669F5300F40A2F /* Extension */,
				C4CAF6E0215EAF2500B71FA0 /* AppDelegate.swift */,
				C4CAF6E2215EAF2500B71FA0 /* ViewController.swift */,
				C4CAF6E4215EAF2500B71FA0 /* Main.storyboard */,
				C4CAF6E7215EAF2800B71FA0 /* Assets.xcassets */,
				C4CAF6E9215EAF2800B71FA0 /* LaunchScreen.storyboard */,
				C4CAF6EC215EAF2800B71FA0 /* Info.plist */,
			);
			path = Arrow_Example;
			sourceTree = "<group>";
		};
		DE03AF0A1259020F92BCBEB7 /* Pods */ = {
			isa = PBXGroup;
			children = (
				8DE5D5393F43F0D931F0416D /* Pods-Arrow_Example.debug.xcconfig */,
				6DC5F1971A45A5AA4BF29822 /* Pods-Arrow_Example.release.xcconfig */,
			);
			name = Pods;
			sourceTree = "<group>";
		};
/* End PBXGroup section */

/* Begin PBXNativeTarget section */
		C4CAF6DC215EAF2500B71FA0 /* Arrow_Example */ = {
			isa = PBXNativeTarget;
			buildConfigurationList = C4CAF6EF215EAF2800B71FA0 /* Build configuration list for PBXNativeTarget "Arrow_Example" */;
			buildPhases = (
				DE3D105D957DC8A93009ED5C /* [CP] Check Pods Manifest.lock */,
				C4CAF6D9215EAF2500B71FA0 /* Sources */,
				C4CAF6DA215EAF2500B71FA0 /* Frameworks */,
				C4CAF6DB215EAF2500B71FA0 /* Resources */,
				05DFDD9E2059895F0AE71F6F /* [CP] Embed Pods Frameworks */,
			);
			buildRules = (
			);
			dependencies = (
			);
			name = Arrow_Example;
			productName = Arrow_Example;
			productReference = C4CAF6DD215EAF2500B71FA0 /* Arrow_Example.app */;
			productType = "com.apple.product-type.application";
		};
/* End PBXNativeTarget section */

/* Begin PBXProject section */
		C4CAF6D5215EAF2500B71FA0 /* Project object */ = {
			isa = PBXProject;
			attributes = {
				LastSwiftUpdateCheck = 1000;
				LastUpgradeCheck = 1000;
				ORGANIZATIONNAME = "Antonio Casero";
				TargetAttributes = {
					C4CAF6DC215EAF2500B71FA0 = {
						CreatedOnToolsVersion = 10.0;
					};
				};
			};
			buildConfigurationList = C4CAF6D8215EAF2500B71FA0 /* Build configuration list for PBXProject "Arrow_Example" */;
			compatibilityVersion = "Xcode 9.3";
			developmentRegion = en;
			hasScannedForEncodings = 0;
			knownRegions = (
				en,
				Base,
			);
			mainGroup = C4CAF6D4215EAF2500B71FA0;
			productRefGroup = C4CAF6DE215EAF2500B71FA0 /* Products */;
			projectDirPath = "";
			projectRoot = "";
			targets = (
				C4CAF6DC215EAF2500B71FA0 /* Arrow_Example */,
			);
		};
/* End PBXProject section */

/* Begin PBXResourcesBuildPhase section */
		C4CAF6DB215EAF2500B71FA0 /* Resources */ = {
			isa = PBXResourcesBuildPhase;
			buildActionMask = 2147483647;
			files = (
				C4CAF6EB215EAF2800B71FA0 /* LaunchScreen.storyboard in Resources */,
				C4CAF6E8215EAF2800B71FA0 /* Assets.xcassets in Resources */,
				C4CAF6E6215EAF2500B71FA0 /* Main.storyboard in Resources */,
			);
			runOnlyForDeploymentPostprocessing = 0;
		};
/* End PBXResourcesBuildPhase section */

/* Begin PBXShellScriptBuildPhase section */
		05DFDD9E2059895F0AE71F6F /* [CP] Embed Pods Frameworks */ = {
			isa = PBXShellScriptBuildPhase;
			buildActionMask = 2147483647;
			files = (
			);
			inputPaths = (
				"${SRCROOT}/Pods/Target Support Files/Pods-Arrow_Example/Pods-Arrow_Example-frameworks.sh",
				"${BUILT_PRODUCTS_DIR}/Arrows/Arrows.framework",
			);
			name = "[CP] Embed Pods Frameworks";
			outputPaths = (
				"${TARGET_BUILD_DIR}/${FRAMEWORKS_FOLDER_PATH}/Arrows.framework",
			);
			runOnlyForDeploymentPostprocessing = 0;
			shellPath = /bin/sh;
			shellScript = "\"${SRCROOT}/Pods/Target Support Files/Pods-Arrow_Example/Pods-Arrow_Example-frameworks.sh\"\n";
			showEnvVarsInLog = 0;
		};
		DE3D105D957DC8A93009ED5C /* [CP] Check Pods Manifest.lock */ = {
			isa = PBXShellScriptBuildPhase;
			buildActionMask = 2147483647;
			files = (
			);
			inputPaths = (
				"${PODS_PODFILE_DIR_PATH}/Podfile.lock",
				"${PODS_ROOT}/Manifest.lock",
			);
			name = "[CP] Check Pods Manifest.lock";
			outputPaths = (
				"$(DERIVED_FILE_DIR)/Pods-Arrow_Example-checkManifestLockResult.txt",
			);
			runOnlyForDeploymentPostprocessing = 0;
			shellPath = /bin/sh;
			shellScript = "diff \"${PODS_PODFILE_DIR_PATH}/Podfile.lock\" \"${PODS_ROOT}/Manifest.lock\" > /dev/null\nif [ $? != 0 ] ; then\n    # print error to STDERR\n    echo \"error: The sandbox is not in sync with the Podfile.lock. Run 'pod install' or update your CocoaPods installation.\" >&2\n    exit 1\nfi\n# This output is used by Xcode 'outputs' to avoid re-running this script phase.\necho \"SUCCESS\" > \"${SCRIPT_OUTPUT_FILE_0}\"\n";
			showEnvVarsInLog = 0;
		};
/* End PBXShellScriptBuildPhase section */

/* Begin PBXSourcesBuildPhase section */
		C4CAF6D9215EAF2500B71FA0 /* Sources */ = {
			isa = PBXSourcesBuildPhase;
			buildActionMask = 2147483647;
			files = (
				C4CAF6E3215EAF2500B71FA0 /* ViewController.swift in Sources */,
				C469575E21669F6400F40A2F /* UIView+Utils.swift in Sources */,
				C4CAF6E1215EAF2500B71FA0 /* AppDelegate.swift in Sources */,
			);
			runOnlyForDeploymentPostprocessing = 0;
		};
/* End PBXSourcesBuildPhase section */

/* Begin PBXVariantGroup section */
		C4CAF6E4215EAF2500B71FA0 /* Main.storyboard */ = {
			isa = PBXVariantGroup;
			children = (
				C4CAF6E5215EAF2500B71FA0 /* Base */,
			);
			name = Main.storyboard;
			sourceTree = "<group>";
		};
		C4CAF6E9215EAF2800B71FA0 /* LaunchScreen.storyboard */ = {
			isa = PBXVariantGroup;
			children = (
				C4CAF6EA215EAF2800B71FA0 /* Base */,
			);
			name = LaunchScreen.storyboard;
			sourceTree = "<group>";
		};
/* End PBXVariantGroup section */

/* Begin XCBuildConfiguration section */
		C4CAF6ED215EAF2800B71FA0 /* Debug */ = {
			isa = XCBuildConfiguration;
			buildSettings = {
				ALWAYS_SEARCH_USER_PATHS = NO;
				CLANG_ANALYZER_NONNULL = YES;
				CLANG_ANALYZER_NUMBER_OBJECT_CONVERSION = YES_AGGRESSIVE;
				CLANG_CXX_LANGUAGE_STANDARD = "gnu++14";
				CLANG_CXX_LIBRARY = "libc++";
				CLANG_ENABLE_MODULES = YES;
				CLANG_ENABLE_OBJC_ARC = YES;
				CLANG_ENABLE_OBJC_WEAK = YES;
				CLANG_WARN_BLOCK_CAPTURE_AUTORELEASING = YES;
				CLANG_WARN_BOOL_CONVERSION = YES;
				CLANG_WARN_COMMA = YES;
				CLANG_WARN_CONSTANT_CONVERSION = YES;
				CLANG_WARN_DEPRECATED_OBJC_IMPLEMENTATIONS = YES;
				CLANG_WARN_DIRECT_OBJC_ISA_USAGE = YES_ERROR;
				CLANG_WARN_DOCUMENTATION_COMMENTS = YES;
				CLANG_WARN_EMPTY_BODY = YES;
				CLANG_WARN_ENUM_CONVERSION = YES;
				CLANG_WARN_INFINITE_RECURSION = YES;
				CLANG_WARN_INT_CONVERSION = YES;
				CLANG_WARN_NON_LITERAL_NULL_CONVERSION = YES;
				CLANG_WARN_OBJC_IMPLICIT_RETAIN_SELF = YES;
				CLANG_WARN_OBJC_LITERAL_CONVERSION = YES;
				CLANG_WARN_OBJC_ROOT_CLASS = YES_ERROR;
				CLANG_WARN_RANGE_LOOP_ANALYSIS = YES;
				CLANG_WARN_STRICT_PROTOTYPES = YES;
				CLANG_WARN_SUSPICIOUS_MOVE = YES;
				CLANG_WARN_UNGUARDED_AVAILABILITY = YES_AGGRESSIVE;
				CLANG_WARN_UNREACHABLE_CODE = YES;
				CLANG_WARN__DUPLICATE_METHOD_MATCH = YES;
				CODE_SIGN_IDENTITY = "iPhone Developer";
				COPY_PHASE_STRIP = NO;
				DEBUG_INFORMATION_FORMAT = dwarf;
				ENABLE_STRICT_OBJC_MSGSEND = YES;
				ENABLE_TESTABILITY = YES;
				GCC_C_LANGUAGE_STANDARD = gnu11;
				GCC_DYNAMIC_NO_PIC = NO;
				GCC_NO_COMMON_BLOCKS = YES;
				GCC_OPTIMIZATION_LEVEL = 0;
				GCC_PREPROCESSOR_DEFINITIONS = (
					"DEBUG=1",
					"$(inherited)",
				);
				GCC_WARN_64_TO_32_BIT_CONVERSION = YES;
				GCC_WARN_ABOUT_RETURN_TYPE = YES_ERROR;
				GCC_WARN_UNDECLARED_SELECTOR = YES;
				GCC_WARN_UNINITIALIZED_AUTOS = YES_AGGRESSIVE;
				GCC_WARN_UNUSED_FUNCTION = YES;
				GCC_WARN_UNUSED_VARIABLE = YES;
				IPHONEOS_DEPLOYMENT_TARGET = 12.0;
				MTL_ENABLE_DEBUG_INFO = INCLUDE_SOURCE;
				MTL_FAST_MATH = YES;
				ONLY_ACTIVE_ARCH = YES;
				SDKROOT = iphoneos;
				SWIFT_ACTIVE_COMPILATION_CONDITIONS = DEBUG;
				SWIFT_OPTIMIZATION_LEVEL = "-Onone";
			};
			name = Debug;
		};
		C4CAF6EE215EAF2800B71FA0 /* Release */ = {
			isa = XCBuildConfiguration;
			buildSettings = {
				ALWAYS_SEARCH_USER_PATHS = NO;
				CLANG_ANALYZER_NONNULL = YES;
				CLANG_ANALYZER_NUMBER_OBJECT_CONVERSION = YES_AGGRESSIVE;
				CLANG_CXX_LANGUAGE_STANDARD = "gnu++14";
				CLANG_CXX_LIBRARY = "libc++";
				CLANG_ENABLE_MODULES = YES;
				CLANG_ENABLE_OBJC_ARC = YES;
				CLANG_ENABLE_OBJC_WEAK = YES;
				CLANG_WARN_BLOCK_CAPTURE_AUTORELEASING = YES;
				CLANG_WARN_BOOL_CONVERSION = YES;
				CLANG_WARN_COMMA = YES;
				CLANG_WARN_CONSTANT_CONVERSION = YES;
				CLANG_WARN_DEPRECATED_OBJC_IMPLEMENTATIONS = YES;
				CLANG_WARN_DIRECT_OBJC_ISA_USAGE = YES_ERROR;
				CLANG_WARN_DOCUMENTATION_COMMENTS = YES;
				CLANG_WARN_EMPTY_BODY = YES;
				CLANG_WARN_ENUM_CONVERSION = YES;
				CLANG_WARN_INFINITE_RECURSION = YES;
				CLANG_WARN_INT_CONVERSION = YES;
				CLANG_WARN_NON_LITERAL_NULL_CONVERSION = YES;
				CLANG_WARN_OBJC_IMPLICIT_RETAIN_SELF = YES;
				CLANG_WARN_OBJC_LITERAL_CONVERSION = YES;
				CLANG_WARN_OBJC_ROOT_CLASS = YES_ERROR;
				CLANG_WARN_RANGE_LOOP_ANALYSIS = YES;
				CLANG_WARN_STRICT_PROTOTYPES = YES;
				CLANG_WARN_SUSPICIOUS_MOVE = YES;
				CLANG_WARN_UNGUARDED_AVAILABILITY = YES_AGGRESSIVE;
				CLANG_WARN_UNREACHABLE_CODE = YES;
				CLANG_WARN__DUPLICATE_METHOD_MATCH = YES;
				CODE_SIGN_IDENTITY = "iPhone Developer";
				COPY_PHASE_STRIP = NO;
				DEBUG_INFORMATION_FORMAT = "dwarf-with-dsym";
				ENABLE_NS_ASSERTIONS = NO;
				ENABLE_STRICT_OBJC_MSGSEND = YES;
				GCC_C_LANGUAGE_STANDARD = gnu11;
				GCC_NO_COMMON_BLOCKS = YES;
				GCC_WARN_64_TO_32_BIT_CONVERSION = YES;
				GCC_WARN_ABOUT_RETURN_TYPE = YES_ERROR;
				GCC_WARN_UNDECLARED_SELECTOR = YES;
				GCC_WARN_UNINITIALIZED_AUTOS = YES_AGGRESSIVE;
				GCC_WARN_UNUSED_FUNCTION = YES;
				GCC_WARN_UNUSED_VARIABLE = YES;
				IPHONEOS_DEPLOYMENT_TARGET = 12.0;
				MTL_ENABLE_DEBUG_INFO = NO;
				MTL_FAST_MATH = YES;
				SDKROOT = iphoneos;
				SWIFT_COMPILATION_MODE = wholemodule;
				SWIFT_OPTIMIZATION_LEVEL = "-O";
				VALIDATE_PRODUCT = YES;
			};
			name = Release;
		};
		C4CAF6F0215EAF2800B71FA0 /* Debug */ = {
			isa = XCBuildConfiguration;
			baseConfigurationReference = 8DE5D5393F43F0D931F0416D /* Pods-Arrow_Example.debug.xcconfig */;
			buildSettings = {
				ASSETCATALOG_COMPILER_APPICON_NAME = AppIcon;
				CODE_SIGN_STYLE = Automatic;
				INFOPLIST_FILE = Arrow_Example/Info.plist;
				LD_RUNPATH_SEARCH_PATHS = "$(inherited) @executable_path/Frameworks";
				PRODUCT_BUNDLE_IDENTIFIER = "com.Arrow-Example";
				PRODUCT_NAME = "$(TARGET_NAME)";
				SWIFT_VERSION = 4.2;
				TARGETED_DEVICE_FAMILY = "1,2";
			};
			name = Debug;
		};
		C4CAF6F1215EAF2800B71FA0 /* Release */ = {
			isa = XCBuildConfiguration;
			baseConfigurationReference = 6DC5F1971A45A5AA4BF29822 /* Pods-Arrow_Example.release.xcconfig */;
			buildSettings = {
				ASSETCATALOG_COMPILER_APPICON_NAME = AppIcon;
				CODE_SIGN_STYLE = Automatic;
				INFOPLIST_FILE = Arrow_Example/Info.plist;
				LD_RUNPATH_SEARCH_PATHS = "$(inherited) @executable_path/Frameworks";
				PRODUCT_BUNDLE_IDENTIFIER = "com.Arrow-Example";
				PRODUCT_NAME = "$(TARGET_NAME)";
				SWIFT_VERSION = 4.2;
				TARGETED_DEVICE_FAMILY = "1,2";
			};
			name = Release;
		};
/* End XCBuildConfiguration section */

/* Begin XCConfigurationList section */
		C4CAF6D8215EAF2500B71FA0 /* Build configuration list for PBXProject "Arrow_Example" */ = {
			isa = XCConfigurationList;
			buildConfigurations = (
				C4CAF6ED215EAF2800B71FA0 /* Debug */,
				C4CAF6EE215EAF2800B71FA0 /* Release */,
			);
			defaultConfigurationIsVisible = 0;
			defaultConfigurationName = Release;
		};
		C4CAF6EF215EAF2800B71FA0 /* Build configuration list for PBXNativeTarget "Arrow_Example" */ = {
			isa = XCConfigurationList;
			buildConfigurations = (
				C4CAF6F0215EAF2800B71FA0 /* Debug */,
				C4CAF6F1215EAF2800B71FA0 /* Release */,
			);
			defaultConfigurationIsVisible = 0;
			defaultConfigurationName = Release;
		};
/* End XCConfigurationList section */
	};
	rootObject = C4CAF6D5215EAF2500B71FA0 /* Project object */;
}
